PODS:
  - DMPasscode (2.0.0)
  - Expecta (0.3.2)
  - Expecta+Snapshots (1.3.1):
    - Expecta
    - FBSnapshotTestCase
  - FBSnapshotTestCase (1.5)
  - Specta (0.2.1)

DEPENDENCIES:
  - DMPasscode (from `../`)
  - Expecta
  - Expecta+Snapshots
  - FBSnapshotTestCase
  - Specta (~> 0.2.1)

EXTERNAL SOURCES:
  DMPasscode:
    :path: ../

SPEC CHECKSUMS:
  DMPasscode: baac9f4c608d6916589e94ced1797cae0b769aab
  Expecta: ee641011fe10aa1855d487b40e4976dac50ec342
  Expecta+Snapshots: 4a56b9411c6ed156987072e52c39de67d864015a
  FBSnapshotTestCase: e2914fbaabccea1dcc773d6a16b1c24540642488
  Specta: 9141310f46b1f68b676650ff2854e1ed0b74163a

COCOAPODS: 0.35.0
